version: 0.0.0-dev
dependencies:
- name: cert-manager
  repository: https://charts.jetstack.io
  version: v1.12.3
- name: ingress-nginx
  repository: https://kubernetes.github.io/ingress-nginx
  version: 4.7.1
- name: kube-prometheus-stack
  repository: https://prometheus-community.github.io/helm-charts
  version: 54.2.2
- name: longhorn
  repository: https://charts.longhorn.io
  version: 1.5.3
- name: vault
  repository: https://helm.releases.hashicorp.com
  version: 0.25.0
- name: vault-secrets-operator
  repository: https://helm.releases.hashicorp.com
  version: 0.2.0
digest: sha256:b35133a6d8a76fea462a4312579fdbd29e4b5cf9c4cd440126c6b0df53b9ea08
generated: "2023-12-02T22:53:35.564381822+01:00"
