version: 0.0.0-dev
dependencies:
- name: cert-manager
  repository: https://charts.jetstack.io
  version: v1.12.3
- name: ingress-nginx
  repository: https://kubernetes.github.io/ingress-nginx
  version: 4.7.1
- name: kube-prometheus-stack
  repository: https://prometheus-community.github.io/helm-charts
  version: 48.6.0
- name: vault
  repository: https://helm.releases.hashicorp.com
  version: 0.25.0
- name: vault-secrets-operator
  repository: https://helm.releases.hashicorp.com
  version: 0.1.0
digest: sha256:3913de0b7424f5f5d864d96e6fbd0ad7e25e1c054e87810eb656bd158c402d11
generated: "2023-08-30T22:54:44.8997122+02:00"
