version: 0.0.0-dev
dependencies:
- name: cert-manager
  repository: https://charts.jetstack.io
  version: v1.12.3
- name: ingress-nginx
  repository: https://kubernetes.github.io/ingress-nginx
  version: 4.7.1
- name: kube-prometheus-stack
  repository: https://prometheus-community.github.io/helm-charts
  version: 48.2.2
- name: universal-chart
  repository: https://registry.nixys.ru/chartrepo/public
  version: 2.4.0
digest: sha256:d3b4702009eb43292ff9aa1c5b6aac63624cc8cb80ef11c3d5f2d6c10db67c19
generated: "2023-08-02T01:23:27.839507818+02:00"
