version: 0.0.0-dev
dependencies:
- name: app-template
  repository: https://bjw-s.github.io/helm-charts
  version: 3.7.0
- name: cert-manager
  repository: https://charts.jetstack.io
  version: v1.14.4
- name: ingress-nginx
  repository: https://kubernetes.github.io/ingress-nginx
  version: 4.11.1
- name: longhorn
  repository: https://charts.longhorn.io
  version: 1.6.2
- name: operator
  repository: https://operator.min.io/
  version: 5.0.11
- name: tenant
  repository: https://operator.min.io/
  version: 5.0.11
- name: vault-secrets-operator
  repository: https://helm.releases.hashicorp.com
  version: 0.5.1
- name: victoria-metrics-k8s-stack
  repository: https://victoriametrics.github.io/helm-charts/
  version: 0.24.5
digest: sha256:716fc01c1b9e5defdcdde69474b8a89f2631294f37e0f8f0edc78ce6f3916223
generated: "2025-02-16T00:19:08.943803314+01:00"
