version: 0.0.0-dev
dependencies:
  - name: app-template
    repository: https://bjw-s-labs.github.io/helm-charts
    version: 4.1.2
  - name: app-template
    repository: https://bjw-s-labs.github.io/helm-charts
    version: 4.1.2
  - name: app-template
    repository: https://bjw-s-labs.github.io/helm-charts
    version: 4.1.2
  - name: app-template
    repository: https://bjw-s-labs.github.io/helm-charts
    version: 4.1.2
  - name: app-template
    repository: https://bjw-s-labs.github.io/helm-charts
    version: 4.1.2
  - name: app-template
    repository: https://bjw-s-labs.github.io/helm-charts
    version: 4.1.2
  - name: app-template
    repository: https://bjw-s-labs.github.io/helm-charts
    version: 4.1.2
  - name: app-template
    repository: https://bjw-s-labs.github.io/helm-charts
    version: 4.1.2
  - name: app-template
    repository: https://bjw-s-labs.github.io/helm-charts
    version: 4.1.2
  - name: app-template
    repository: https://bjw-s-labs.github.io/helm-charts
    version: 4.1.2
  - name: app-template
    repository: https://bjw-s-labs.github.io/helm-charts
    version: 4.1.2
  - name: app-template
    repository: https://bjw-s-labs.github.io/helm-charts
    version: 4.1.2
  - name: app-template
    repository: https://bjw-s-labs.github.io/helm-charts
    version: 4.1.2
  - name: app-template
    repository: https://bjw-s-labs.github.io/helm-charts
    version: 4.1.2
  - name: app-template
    repository: https://bjw-s-labs.github.io/helm-charts
    version: 4.1.2
  - name: app-template
    repository: https://bjw-s-labs.github.io/helm-charts
    version: 4.1.2
  - name: app-template
    repository: https://bjw-s-labs.github.io/helm-charts
    version: 4.1.2
  - name: app-template
    repository: https://bjw-s-labs.github.io/helm-charts
    version: 4.1.2
  - name: app-template
    repository: https://bjw-s-labs.github.io/helm-charts
    version: 4.1.2
  - name: app-template
    repository: https://bjw-s-labs.github.io/helm-charts
    version: 4.1.2
  - name: app-template
    repository: https://bjw-s-labs.github.io/helm-charts
    version: 4.1.2
  - name: app-template
    repository: https://bjw-s-labs.github.io/helm-charts
    version: 4.1.2
  - name: app-template
    repository: https://bjw-s-labs.github.io/helm-charts
    version: 4.1.2
  - name: app-template
    repository: https://bjw-s-labs.github.io/helm-charts
    version: 4.1.2
  - name: app-template
    repository: https://bjw-s-labs.github.io/helm-charts
    version: 4.1.2
  - name: app-template
    repository: https://bjw-s-labs.github.io/helm-charts
    version: 4.1.2
  - name: app-template
    repository: https://bjw-s-labs.github.io/helm-charts
    version: 4.1.2
  - name: app-template
    repository: https://bjw-s-labs.github.io/helm-charts
    version: 4.1.2
  - name: app-template
    repository: https://bjw-s-labs.github.io/helm-charts
    version: 4.1.2
  - name: app-template
    repository: https://bjw-s-labs.github.io/helm-charts
    version: 4.1.2
  - name: app-template
    repository: https://bjw-s-labs.github.io/helm-charts
    version: 4.1.2
  - name: app-template
    repository: https://bjw-s-labs.github.io/helm-charts
    version: 4.1.2
  - name: app-template
    repository: https://bjw-s-labs.github.io/helm-charts
    version: 4.1.2
  - name: app-template
    repository: https://bjw-s-labs.github.io/helm-charts
    version: 4.1.2
  - name: immich
    repository: https://immich-app.github.io/immich-charts
    version: 0.9.3
  - name: minecraft
    repository: https://itzg.github.io/minecraft-server-charts/
    version: 4.24.0
  - name: tenant
    repository: https://operator.min.io/
    version: 7.0.0
  - name: tenant
    repository: https://operator.min.io/
    version: 7.0.0
  - name: zot
    repository: http://zotregistry.dev/helm-charts
    version: 0.1.98
digest: sha256:c2ceff6544a27c971cf235a304a2a8a67ecfe782f14467cbaf6b5bf62bfaae2b
generated: "2026-02-24T16:38:44.952113543+01:00"
