version: 0.0.0-dev
dependencies:
- name: app-template
  repository: https://bjw-s.github.io/helm-charts
  version: 1.5.1
- name: app-template
  repository: https://bjw-s.github.io/helm-charts
  version: 1.5.1
- name: app-template
  repository: https://bjw-s.github.io/helm-charts
  version: 1.5.1
- name: minio
  repository: https://charts.min.io/
  version: 5.0.13
digest: sha256:78466c27e0d0cdbae34efbd01633e438382348727d0909e5e2d33a7f739a6ed2
generated: "2023-09-04T21:10:58.927244768+02:00"
